
Microsoft Visual Studio Solution File, Format Version 12.00
# Visual Studio Version 17
VisualStudioVersion = 17.3.32901.215
MinimumVisualStudioVersion = 10.0.40219.1
Project("{FAE04EC0-301F-11D3-BF4B-00C04F79EFBC}") = "eTicket", "eTicket\eTicket.csproj", "{6C1463DF-D571-43BD-8718-A91D8067258D}"
EndProject
Global
	GlobalSection(SolutionConfigurationPlatforms) = preSolution
		Debug|Any CPU = Debug|Any CPU
		Release|Any CPU = Release|Any CPU
	EndGlobalSection
	GlobalSection(ProjectConfigurationPlatforms) = postSolution
		{6C1463DF-D571-43BD-8718-A91D8067258D}.Debug|Any CPU.ActiveCfg = Debug|Any CPU
		{6C1463DF-D571-43BD-8718-A91D8067258D}.Debug|Any CPU.Build.0 = Debug|Any CPU
		{6C1463DF-D571-43BD-8718-A91D8067258D}.Release|Any CPU.ActiveCfg = Release|Any CPU
		{6C1463DF-D571-43BD-8718-A91D8067258D}.Release|Any CPU.Build.0 = Release|Any CPU
	EndGlobalSection
	GlobalSection(SolutionProperties) = preSolution
		HideSolutionNode = FALSE
	EndGlobalSection
	GlobalSection(ExtensibilityGlobals) = postSolution
		SolutionGuid = {9B2E3FE5-31BF-4AB2-BE90-1DD7136B9F32}
	EndGlobalSection
EndGlobal
